// !$*UTF8*$!
{
	archiveVersion = 1;
	classes = {
	};
	objectVersion = 50;
	objects = {

/* Begin PBXBuildFile section */
		624CDF9B247CDF8300E1DD81 /* AppDelegate.swift in Sources */ = {isa = PBXBuildFile; fileRef = 624CDF9A247CDF8300E1DD81 /* AppDelegate.swift */; };
		624CDF9D247CDF8300E1DD81 /* SceneDelegate.swift in Sources */ = {isa = PBXBuildFile; fileRef = 624CDF9C247CDF8300E1DD81 /* SceneDelegate.swift */; };
		624CDFA4247CDF8800E1DD81 /* Assets.xcassets in Resources */ = {isa = PBXBuildFile; fileRef = 624CDFA3247CDF8800E1DD81 /* Assets.xcassets */; };
		624CDFA7247CDF8800E1DD81 /* LaunchScreen.storyboard in Resources */ = {isa = PBXBuildFile; fileRef = 624CDFA5247CDF8800E1DD81 /* LaunchScreen.storyboard */; };
		624CDFAF247CE66200E1DD81 /* SearchTickerViewController.swift in Sources */ = {isa = PBXBuildFile; fileRef = 624CDFAE247CE66200E1DD81 /* SearchTickerViewController.swift */; };
/* End PBXBuildFile section */

/* Begin PBXFileReference section */
		624CDF97247CDF8300E1DD81 /* AxosCodeChallenge.app */ = {isa = PBXFileReference; explicitFileType = wrapper.application; includeInIndex = 0; path = AxosCodeChallenge.app; sourceTree = BUILT_PRODUCTS_DIR; };
		624CDF9A247CDF8300E1DD81 /* AppDelegate.swift */ = {isa = PBXFileReference; lastKnownFileType = sourcecode.swift; path = AppDelegate.swift; sourceTree = "<group>"; };
		624CDF9C247CDF8300E1DD81 /* SceneDelegate.swift */ = {isa = PBXFileReference; lastKnownFileType = sourcecode.swift; path = SceneDelegate.swift; sourceTree = "<group>"; };
		624CDFA3247CDF8800E1DD81 /* Assets.xcassets */ = {isa = PBXFileReference; lastKnownFileType = folder.assetcatalog; path = Assets.xcassets; sourceTree = "<group>"; };
		624CDFA6247CDF8800E1DD81 /* Base */ = {isa = PBXFileReference; lastKnownFileType = file.storyboard; name = Base; path = Base.lproj/LaunchScreen.storyboard; sourceTree = "<group>"; };
		624CDFA8247CDF8800E1DD81 /* Info.plist */ = {isa = PBXFileReference; lastKnownFileType = text.plist.xml; path = Info.plist; sourceTree = "<group>"; };
		624CDFAE247CE66200E1DD81 /* SearchTickerViewController.swift */ = {isa = PBXFileReference; lastKnownFileType = sourcecode.swift; path = SearchTickerViewController.swift; sourceTree = "<group>"; };
/* End PBXFileReference section */

/* Begin PBXFrameworksBuildPhase section */
		624CDF94247CDF8300E1DD81 /* Frameworks */ = {
			isa = PBXFrameworksBuildPhase;
			buildActionMask = 2147483647;
			files = (
			);
			runOnlyForDeploymentPostprocessing = 0;
		};
/* End PBXFrameworksBuildPhase section */

/* Begin PBXGroup section */
		624CDF8E247CDF8300E1DD81 = {
			isa = PBXGroup;
			children = (
				624CDF99247CDF8300E1DD81 /* AxosCodeChallenge */,
				624CDF98247CDF8300E1DD81 /* Products */,
			);
			sourceTree = "<group>";
		};
		624CDF98247CDF8300E1DD81 /* Products */ = {
			isa = PBXGroup;
			children = (
				624CDF97247CDF8300E1DD81 /* AxosCodeChallenge.app */,
			);
			name = Products;
			sourceTree = "<group>";
		};
		624CDF99247CDF8300E1DD81 /* AxosCodeChallenge */ = {
			isa = PBXGroup;
			children = (
				624CDF9A247CDF8300E1DD81 /* AppDelegate.swift */,
				624CDF9C247CDF8300E1DD81 /* SceneDelegate.swift */,
				624CDFA3247CDF8800E1DD81 /* Assets.xcassets */,
				624CDFA5247CDF8800E1DD81 /* LaunchScreen.storyboard */,
				624CDFA8247CDF8800E1DD81 /* Info.plist */,
				624CDFAE247CE66200E1DD81 /* SearchTickerViewController.swift */,
			);
			path = AxosCodeChallenge;
			sourceTree = "<group>";
		};
/* End PBXGroup section */

/* Begin PBXNativeTarget section */
		624CDF96247CDF8300E1DD81 /* AxosCodeChallenge */ = {
			isa = PBXNativeTarget;
			buildConfigurationList = 624CDFAB247CDF8800E1DD81 /* Build configuration list for PBXNativeTarget "AxosCodeChallenge" */;
			buildPhases = (
				624CDF93247CDF8300E1DD81 /* Sources */,
				624CDF94247CDF8300E1DD81 /* Frameworks */,
				624CDF95247CDF8300E1DD81 /* Resources */,
			);
			buildRules = (
			);
			dependencies = (
			);
			name = AxosCodeChallenge;
			productName = AxosCodeChallenge;
			productReference = 624CDF97247CDF8300E1DD81 /* AxosCodeChallenge.app */;
			productType = "com.apple.product-type.application";
		};
/* End PBXNativeTarget section */

/* Begin PBXProject section */
		624CDF8F247CDF8300E1DD81 /* Project object */ = {
			isa = PBXProject;
			attributes = {
				LastSwiftUpdateCheck = 1120;
				LastUpgradeCheck = 1120;
				ORGANIZATIONNAME = "Roberto Halgravez";
				TargetAttributes = {
					624CDF96247CDF8300E1DD81 = {
						CreatedOnToolsVersion = 11.2;
					};
				};
			};
			buildConfigurationList = 624CDF92247CDF8300E1DD81 /* Build configuration list for PBXProject "AxosCodeChallenge" */;
			compatibilityVersion = "Xcode 9.3";
			developmentRegion = en;
			hasScannedForEncodings = 0;
			knownRegions = (
				en,
				Base,
			);
			mainGroup = 624CDF8E247CDF8300E1DD81;
			productRefGroup = 624CDF98247CDF8300E1DD81 /* Products */;
			projectDirPath = "";
			projectRoot = "";
			targets = (
				624CDF96247CDF8300E1DD81 /* AxosCodeChallenge */,
			);
		};
/* End PBXProject section */

/* Begin PBXResourcesBuildPhase section */
		624CDF95247CDF8300E1DD81 /* Resources */ = {
			isa = PBXResourcesBuildPhase;
			buildActionMask = 2147483647;
			files = (
				624CDFA7247CDF8800E1DD81 /* LaunchScreen.storyboard in Resources */,
				624CDFA4247CDF8800E1DD81 /* Assets.xcassets in Resources */,
			);
			runOnlyForDeploymentPostprocessing = 0;
		};
/* End PBXResourcesBuildPhase section */

/* Begin PBXSourcesBuildPhase section */
		624CDF93247CDF8300E1DD81 /* Sources */ = {
			isa = PBXSourcesBuildPhase;
			buildActionMask = 2147483647;
			files = (
				624CDFAF247CE66200E1DD81 /* SearchTickerViewController.swift in Sources */,
				624CDF9B247CDF8300E1DD81 /* AppDelegate.swift in Sources */,
				624CDF9D247CDF8300E1DD81 /* SceneDelegate.swift in Sources */,
			);
			runOnlyForDeploymentPostprocessing = 0;
		};
/* End PBXSourcesBuildPhase section */

/* Begin PBXVariantGroup section */
		624CDFA5247CDF8800E1DD81 /* LaunchScreen.storyboard */ = {
			isa = PBXVariantGroup;
			children = (
				624CDFA6247CDF8800E1DD81 /* Base */,
			);
			name = LaunchScreen.storyboard;
			sourceTree = "<group>";
		};
/* End PBXVariantGroup section */

/* Begin XCBuildConfiguration section */
		624CDFA9247CDF8800E1DD81 /* Debug */ = {
			isa = XCBuildConfiguration;
			buildSettings = {
				ALWAYS_SEARCH_USER_PATHS = NO;
				CLANG_ANALYZER_NONNULL = YES;
				CLANG_ANALYZER_NUMBER_OBJECT_CONVERSION = YES_AGGRESSIVE;
				CLANG_CXX_LANGUAGE_STANDARD = "gnu++14";
				CLANG_CXX_LIBRARY = "libc++";
				CLANG_ENABLE_MODULES = YES;
				CLANG_ENABLE_OBJC_ARC = YES;
				CLANG_ENABLE_OBJC_WEAK = YES;
				CLANG_WARN_BLOCK_CAPTURE_AUTORELEASING = YES;
				CLANG_WARN_BOOL_CONVERSION = YES;
				CLANG_WARN_COMMA = YES;
				CLANG_WARN_CONSTANT_CONVERSION = YES;
				CLANG_WARN_DEPRECATED_OBJC_IMPLEMENTATIONS = YES;
				CLANG_WARN_DIRECT_OBJC_ISA_USAGE = YES_ERROR;
				CLANG_WARN_DOCUMENTATION_COMMENTS = YES;
				CLANG_WARN_EMPTY_BODY = YES;
				CLANG_WARN_ENUM_CONVERSION = YES;
				CLANG_WARN_INFINITE_RECURSION = YES;
				CLANG_WARN_INT_CONVERSION = YES;
				CLANG_WARN_NON_LITERAL_NULL_CONVERSION = YES;
				CLANG_WARN_OBJC_IMPLICIT_RETAIN_SELF = YES;
				CLANG_WARN_OBJC_LITERAL_CONVERSION = YES;
				CLANG_WARN_OBJC_ROOT_CLASS = YES_ERROR;
				CLANG_WARN_RANGE_LOOP_ANALYSIS = YES;
				CLANG_WARN_STRICT_PROTOTYPES = YES;
				CLANG_WARN_SUSPICIOUS_MOVE = YES;
				CLANG_WARN_UNGUARDED_AVAILABILITY = YES_AGGRESSIVE;
				CLANG_WARN_UNREACHABLE_CODE = YES;
				CLANG_WARN__DUPLICATE_METHOD_MATCH = YES;
				COPY_PHASE_STRIP = NO;
				DEBUG_INFORMATION_FORMAT = dwarf;
				ENABLE_STRICT_OBJC_MSGSEND = YES;
				ENABLE_TESTABILITY = YES;
				GCC_C_LANGUAGE_STANDARD = gnu11;
				GCC_DYNAMIC_NO_PIC = NO;
				GCC_NO_COMMON_BLOCKS = YES;
				GCC_OPTIMIZATION_LEVEL = 0;
				GCC_PREPROCESSOR_DEFINITIONS = (
					"DEBUG=1",
					"$(inherited)",
				);
				GCC_WARN_64_TO_32_BIT_CONVERSION = YES;
				GCC_WARN_ABOUT_RETURN_TYPE = YES_ERROR;
				GCC_WARN_UNDECLARED_SELECTOR = YES;
				GCC_WARN_UNINITIALIZED_AUTOS = YES_AGGRESSIVE;
				GCC_WARN_UNUSED_FUNCTION = YES;
				GCC_WARN_UNUSED_VARIABLE = YES;
				IPHONEOS_DEPLOYMENT_TARGET = 13.2;
				MTL_ENABLE_DEBUG_INFO = INCLUDE_SOURCE;
				MTL_FAST_MATH = YES;
				ONLY_ACTIVE_ARCH = YES;
				SDKROOT = iphoneos;
				SWIFT_ACTIVE_COMPILATION_CONDITIONS = DEBUG;
				SWIFT_OPTIMIZATION_LEVEL = "-Onone";
			};
			name = Debug;
		};
		624CDFAA247CDF8800E1DD81 /* Release */ = {
			isa = XCBuildConfiguration;
			buildSettings = {
				ALWAYS_SEARCH_USER_PATHS = NO;
				CLANG_ANALYZER_NONNULL = YES;
				CLANG_ANALYZER_NUMBER_OBJECT_CONVERSION = YES_AGGRESSIVE;
				CLANG_CXX_LANGUAGE_STANDARD = "gnu++14";
				CLANG_CXX_LIBRARY = "libc++";
				CLANG_ENABLE_MODULES = YES;
				CLANG_ENABLE_OBJC_ARC = YES;
				CLANG_ENABLE_OBJC_WEAK = YES;
				CLANG_WARN_BLOCK_CAPTURE_AUTORELEASING = YES;
				CLANG_WARN_BOOL_CONVERSION = YES;
				CLANG_WARN_COMMA = YES;
				CLANG_WARN_CONSTANT_CONVERSION = YES;
				CLANG_WARN_DEPRECATED_OBJC_IMPLEMENTATIONS = YES;
				CLANG_WARN_DIRECT_OBJC_ISA_USAGE = YES_ERROR;
				CLANG_WARN_DOCUMENTATION_COMMENTS = YES;
				CLANG_WARN_EMPTY_BODY = YES;
				CLANG_WARN_ENUM_CONVERSION = YES;
				CLANG_WARN_INFINITE_RECURSION = YES;
				CLANG_WARN_INT_CONVERSION = YES;
				CLANG_WARN_NON_LITERAL_NULL_CONVERSION = YES;
				CLANG_WARN_OBJC_IMPLICIT_RETAIN_SELF = YES;
				CLANG_WARN_OBJC_LITERAL_CONVERSION = YES;
				CLANG_WARN_OBJC_ROOT_CLASS = YES_ERROR;
				CLANG_WARN_RANGE_LOOP_ANALYSIS = YES;
				CLANG_WARN_STRICT_PROTOTYPES = YES;
				CLANG_WARN_SUSPICIOUS_MOVE = YES;
				CLANG_WARN_UNGUARDED_AVAILABILITY = YES_AGGRESSIVE;
				CLANG_WARN_UNREACHABLE_CODE = YES;
				CLANG_WARN__DUPLICATE_METHOD_MATCH = YES;
				COPY_PHASE_STRIP = NO;
				DEBUG_INFORMATION_FORMAT = "dwarf-with-dsym";
				ENABLE_NS_ASSERTIONS = NO;
				ENABLE_STRICT_OBJC_MSGSEND = YES;
				GCC_C_LANGUAGE_STANDARD = gnu11;
				GCC_NO_COMMON_BLOCKS = YES;
				GCC_WARN_64_TO_32_BIT_CONVERSION = YES;
				GCC_WARN_ABOUT_RETURN_TYPE = YES_ERROR;
				GCC_WARN_UNDECLARED_SELECTOR = YES;
				GCC_WARN_UNINITIALIZED_AUTOS = YES_AGGRESSIVE;
				GCC_WARN_UNUSED_FUNCTION = YES;
				GCC_WARN_UNUSED_VARIABLE = YES;
				IPHONEOS_DEPLOYMENT_TARGET = 13.2;
				MTL_ENABLE_DEBUG_INFO = NO;
				MTL_FAST_MATH = YES;
				SDKROOT = iphoneos;
				SWIFT_COMPILATION_MODE = wholemodule;
				SWIFT_OPTIMIZATION_LEVEL = "-O";
				VALIDATE_PRODUCT = YES;
			};
			name = Release;
		};
		624CDFAC247CDF8800E1DD81 /* Debug */ = {
			isa = XCBuildConfiguration;
			buildSettings = {
				ASSETCATALOG_COMPILER_APPICON_NAME = AppIcon;
				CODE_SIGN_STYLE = Automatic;
				INFOPLIST_FILE = AxosCodeChallenge/Info.plist;
				IPHONEOS_DEPLOYMENT_TARGET = 13.0;
				LD_RUNPATH_SEARCH_PATHS = (
					"$(inherited)",
					"@executable_path/Frameworks",
				);
				PRODUCT_BUNDLE_IDENTIFIER = com.axosinvest.AxosCodeChallenge;
				PRODUCT_NAME = "$(TARGET_NAME)";
				SWIFT_VERSION = 5.0;
				TARGETED_DEVICE_FAMILY = 1;
			};
			name = Debug;
		};
		624CDFAD247CDF8800E1DD81 /* Release */ = {
			isa = XCBuildConfiguration;
			buildSettings = {
				ASSETCATALOG_COMPILER_APPICON_NAME = AppIcon;
				CODE_SIGN_STYLE = Automatic;
				INFOPLIST_FILE = AxosCodeChallenge/Info.plist;
				IPHONEOS_DEPLOYMENT_TARGET = 13.0;
				LD_RUNPATH_SEARCH_PATHS = (
					"$(inherited)",
					"@executable_path/Frameworks",
				);
				PRODUCT_BUNDLE_IDENTIFIER = com.axosinvest.AxosCodeChallenge;
				PRODUCT_NAME = "$(TARGET_NAME)";
				SWIFT_VERSION = 5.0;
				TARGETED_DEVICE_FAMILY = 1;
			};
			name = Release;
		};
/* End XCBuildConfiguration section */

/* Begin XCConfigurationList section */
		624CDF92247CDF8300E1DD81 /* Build configuration list for PBXProject "AxosCodeChallenge" */ = {
			isa = XCConfigurationList;
			buildConfigurations = (
				624CDFA9247CDF8800E1DD81 /* Debug */,
				624CDFAA247CDF8800E1DD81 /* Release */,
			);
			defaultConfigurationIsVisible = 0;
			defaultConfigurationName = Release;
		};
		624CDFAB247CDF8800E1DD81 /* Build configuration list for PBXNativeTarget "AxosCodeChallenge" */ = {
			isa = XCConfigurationList;
			buildConfigurations = (
				624CDFAC247CDF8800E1DD81 /* Debug */,
				624CDFAD247CDF8800E1DD81 /* Release */,
			);
			defaultConfigurationIsVisible = 0;
			defaultConfigurationName = Release;
		};
/* End XCConfigurationList section */
	};
	rootObject = 624CDF8F247CDF8300E1DD81 /* Project object */;
}
